{
  "name": "thaionlinedebate",
  "lockfileVersion": 3,
  "requires": true,
  "packages": {
    "": {
      "dependencies": {
        "@ngrok/ngrok": "^0.7.1"
      }
    },
    "node_modules/@ngrok/ngrok": {
      "version": "0.7.1",
      "resolved": "https://registry.npmjs.org/@ngrok/ngrok/-/ngrok-0.7.1.tgz",
      "integrity": "sha512-Lv0svRUF4ChaHX6IuVb6JutXYs4fu8T1Fxt12DjgWy6nvwwo/r+N2xCgm2ktVZ4C4hOolgI01jSdzK9RwaCuFw==",
      "engines": {
        "node": ">= 10"
      },
      "optionalDependencies": {
        "@ngrok/ngrok-android-arm-eabi": "0.7.1",
        "@ngrok/ngrok-android-arm64": "0.7.1",
        "@ngrok/ngrok-darwin-arm64": "0.7.1",
        "@ngrok/ngrok-darwin-universal": "0.7.1",
        "@ngrok/ngrok-darwin-x64": "0.7.1",
        "@ngrok/ngrok-freebsd-x64": "0.7.1",
        "@ngrok/ngrok-linux-arm-gnueabihf": "0.7.1",
        "@ngrok/ngrok-linux-arm64-gnu": "0.7.1",
        "@ngrok/ngrok-linux-arm64-musl": "0.7.1",
        "@ngrok/ngrok-linux-x64-gnu": "0.7.1",
        "@ngrok/ngrok-linux-x64-musl": "0.7.1",
        "@ngrok/ngrok-win32-ia32-msvc": "0.7.1",
        "@ngrok/ngrok-win32-x64-msvc": "0.7.1"
      }
    },
    "node_modules/@ngrok/ngrok-android-arm-eabi": {
      "version": "0.7.1",
      "resolved": "https://registry.npmjs.org/@ngrok/ngrok-android-arm-eabi/-/ngrok-android-arm-eabi-0.7.1.tgz",
      "integrity": "sha512-hW/db8p4NJDV0F0rcg6PlD1gM7h3LcuGYeTf9EQkwwEU0/LEmBSvRkl1m9tZegSfiEyOGnN3o3UDydXohZLVvw==",
      "cpu": [
        "arm"
      ],
      "optional": true,
      "os": [
        "android"
      ],
      "engines": {
        "node": ">= 10"
      }
    },
    "node_modules/@ngrok/ngrok-android-arm64": {
      "version": "0.7.1",
      "resolved": "https://registry.npmjs.org/@ngrok/ngrok-android-arm64/-/ngrok-android-arm64-0.7.1.tgz",
      "integrity": "sha512-M9r/D2aurWQ91UUjB1nmwXg1KD9qhrMeKirDT5sAV2BuYHh4IFBNRnbbQgWMbo7zqbAEFBDTt5MOKPX8uRylAQ==",
      "cpu": [
        "arm64"
      ],
      "optional": true,
      "os": [
        "android"
      ],
      "engines": {
        "node": ">= 10"
      }
    },
    "node_modules/@ngrok/ngrok-darwin-arm64": {
      "version": "0.7.1",
      "resolved": "https://registry.npmjs.org/@ngrok/ngrok-darwin-arm64/-/ngrok-darwin-arm64-0.7.1.tgz",
      "integrity": "sha512-IjLMry9b2nNfBLwIxMYvU5NB8gU2B57VeU22xjX3X3+caGPb1vA/MxR4ICjBsDm86DjZF6AdpqZETpcqqh9CuA==",
      "cpu": [
        "arm64"
      ],
      "optional": true,
      "os": [
        "darwin"
      ],
      "engines": {
        "node": ">= 10"
      }
    },
    "node_modules/@ngrok/ngrok-darwin-universal": {
      "version": "0.7.1",
      "resolved": "https://registry.npmjs.org/@ngrok/ngrok-darwin-universal/-/ngrok-darwin-universal-0.7.1.tgz",
      "integrity": "sha512-vDxh089gohQnz5PjGvMLm6kEtCZbQq3jEPqnyPw6I7TpeDU9tdRoY7YxeUlNx2P3cnN8MCrO6pVXlKcK+Ck4Gg==",
      "optional": true,
      "os": [
        "darwin"
      ],
      "engines": {
        "node": ">= 10"
      }
    },
    "node_modules/@ngrok/ngrok-darwin-x64": {
      "version": "0.7.1",
      "resolved": "https://registry.npmjs.org/@ngrok/ngrok-darwin-x64/-/ngrok-darwin-x64-0.7.1.tgz",
      "integrity": "sha512-aljv4Dc5bQstUmPladE8TJC2wVufVpKYnclP2XeELrnOOtPS0B159Evx0x+p6hNbtfU2G+lg9mC7nueswfjAGA==",
      "cpu": [
        "x64"
      ],
      "optional": true,
      "os": [
        "darwin"
      ],
      "engines": {
        "node": ">= 10"
      }
    },
    "node_modules/@ngrok/ngrok-freebsd-x64": {
      "version": "0.7.1",
      "resolved": "https://registry.npmjs.org/@ngrok/ngrok-freebsd-x64/-/ngrok-freebsd-x64-0.7.1.tgz",
      "integrity": "sha512-0zmeamv1mSlhJyEvLxu62yMuuMOoRo9jrzwQgag5o/Bz0/PYj1Nj3vfL9W2J1PTuqEg5gQ6n3C5f0S6/A/jFfQ==",
      "cpu": [
        "x64"
      ],
      "optional": true,
      "os": [
        "freebsd"
      ],
      "engines": {
        "node": ">= 10"
      }
    },
    "node_modules/@ngrok/ngrok-linux-arm-gnueabihf": {
      "version": "0.7.1",
      "resolved": "https://registry.npmjs.org/@ngrok/ngrok-linux-arm-gnueabihf/-/ngrok-linux-arm-gnueabihf-0.7.1.tgz",
      "integrity": "sha512-qQ6qyX7lwO+u1vGWRZN0U5FIUz5/aRWb4ligHiZvtrQpN+VQsOoejkYEdnvXJa/REvXth9drQg1pMfjQacNXIQ==",
      "cpu": [
        "arm"
      ],
      "optional": true,
      "os": [
        "linux"
      ],
      "engines": {
        "node": ">= 10"
      }
    },
    "node_modules/@ngrok/ngrok-linux-arm64-gnu": {
      "version": "0.7.1",
      "resolved": "https://registry.npmjs.org/@ngrok/ngrok-linux-arm64-gnu/-/ngrok-linux-arm64-gnu-0.7.1.tgz",
      "integrity": "sha512-La4JQPh/aXhNCn7yp7WJDX5bTraxKuySuslir2dDhCzbn5AHCLBefKbKjcPKfLaEbR7InARU/Q7mhhDyZrbESA==",
      "cpu": [
        "arm64"
      ],
      "optional": true,
      "os": [
        "linux"
      ],
      "engines": {
        "node": ">= 10"
      }
    },
    "node_modules/@ngrok/ngrok-linux-arm64-musl": {
      "version": "0.7.1",
      "resolved": "https://registry.npmjs.org/@ngrok/ngrok-linux-arm64-musl/-/ngrok-linux-arm64-musl-0.7.1.tgz",
      "integrity": "sha512-dLjP9cWT2M7F7dHnjAK6m5rQlEM72Wr0LM1mgdnB1MryXcnKfEDuIA1swtIJb97OK34cSOcMAh0AcYnSvesE2w==",
      "cpu": [
        "arm64"
      ],
      "optional": true,
      "os": [
        "linux"
      ],
      "engines": {
        "node": ">= 10"
      }
    },
    "node_modules/@ngrok/ngrok-linux-x64-gnu": {
      "version": "0.7.1",
      "resolved": "https://registry.npmjs.org/@ngrok/ngrok-linux-x64-gnu/-/ngrok-linux-x64-gnu-0.7.1.tgz",
      "integrity": "sha512-tK9D11W/lBp2KYdgbSpRWMInnVdMi3qe5UxAoIvjpMK0qm2zkuxZJPsBJrQ4/+ufVCfsUrSWe8Vrde+bgi0bBA==",
      "cpu": [
        "x64"
      ],
      "optional": true,
      "os": [
        "linux"
      ],
      "engines": {
        "node": ">= 10"
      }
    },
    "node_modules/@ngrok/ngrok-linux-x64-musl": {
      "version": "0.7.1",
      "resolved": "https://registry.npmjs.org/@ngrok/ngrok-linux-x64-musl/-/ngrok-linux-x64-musl-0.7.1.tgz",
      "integrity": "sha512-OcRrrrrUlfwwhFDUZ/SdQUiePJXQN3aKMgzLwRshpedW2tZXxokt76Ekr1rQd4EbwssYsqj1ZpMstP3SSKEGlQ==",
      "cpu": [
        "x64"
      ],
      "optional": true,
      "os": [
        "linux"
      ],
      "engines": {
        "node": ">= 10"
      }
    },
    "node_modules/@ngrok/ngrok-win32-ia32-msvc": {
      "version": "0.7.1",
      "resolved": "https://registry.npmjs.org/@ngrok/ngrok-win32-ia32-msvc/-/ngrok-win32-ia32-msvc-0.7.1.tgz",
      "integrity": "sha512-5zbzy21siAhqGW+d6keKIoyD2/Zr9eGEvqgERdzqSIkO4ioClzetRJzdU0vLnAtrIL0026VijOqK6dtrRAHczA==",
      "cpu": [
        "ia32"
      ],
      "optional": true,
      "os": [
        "win32"
      ],
      "engines": {
        "node": ">= 10"
      }
    },
    "node_modules/@ngrok/ngrok-win32-x64-msvc": {
      "version": "0.7.1",
      "resolved": "https://registry.npmjs.org/@ngrok/ngrok-win32-x64-msvc/-/ngrok-win32-x64-msvc-0.7.1.tgz",
      "integrity": "sha512-6hqcr4sR4+211Bk4xHg8EuHiuneSmL2PQi/HN/en9oZjXXpzd+m12PAv1vi1dxgioJjuLNihY1ZeKncvHSUanw==",
      "cpu": [
        "x64"
      ],
      "optional": true,
      "os": [
        "win32"
      ],
      "engines": {
        "node": ">= 10"
      }
    }
  }
}
